
Microsoft Visual Studio Solution File, Format Version 12.00
# Visual Studio Version 16
VisualStudioVersion = 16.0.30523.141
MinimumVisualStudioVersion = 10.0.40219.1
Project("{FAE04EC0-301F-11D3-BF4B-00C04F79EFBC}") = "MIP Informatics Software", "PrijavaKvara\MIP Informatics Software.csproj", "{7398A9F4-4439-4E15-9592-846A51549D99}"
EndProject
Global
	GlobalSection(SolutionConfigurationPlatforms) = preSolution
		Debug|Any CPU = Debug|Any CPU
		Release|Any CPU = Release|Any CPU
	EndGlobalSection
	GlobalSection(ProjectConfigurationPlatforms) = postSolution
		{7398A9F4-4439-4E15-9592-846A51549D99}.Debug|Any CPU.ActiveCfg = Debug|Any CPU
		{7398A9F4-4439-4E15-9592-846A51549D99}.Debug|Any CPU.Build.0 = Debug|Any CPU
		{7398A9F4-4439-4E15-9592-846A51549D99}.Release|Any CPU.ActiveCfg = Release|Any CPU
		{7398A9F4-4439-4E15-9592-846A51549D99}.Release|Any CPU.Build.0 = Release|Any CPU
	EndGlobalSection
	GlobalSection(SolutionProperties) = preSolution
		HideSolutionNode = FALSE
	EndGlobalSection
	GlobalSection(ExtensibilityGlobals) = postSolution
		SolutionGuid = {8E8DF5F5-6EE3-41F5-BF9B-61CD5F3B0CBA}
	EndGlobalSection
EndGlobal
